
Microsoft Visual Studio Solution File, Format Version 12.00
# Visual Studio Version 16
VisualStudioVersion = 16.0.30907.101
MinimumVisualStudioVersion = 10.0.40219.1
Project("{FAE04EC0-301F-11D3-BF4B-00C04F79EFBC}") = "BlankApp1", "BlankApp1\BlankApp1\BlankApp1.csproj", "{F98D8231-7F7A-43E2-A7D1-0901E3A5826F}"
EndProject
Project("{FAE04EC0-301F-11D3-BF4B-00C04F79EFBC}") = "BlankApp1.Android", "BlankApp1\BlankApp1.Android\BlankApp1.Android.csproj", "{A4D139A1-01D8-4828-AA6C-A5E1D7DA712C}"
EndProject
Project("{FAE04EC0-301F-11D3-BF4B-00C04F79EFBC}") = "BlankApp1.iOS", "BlankApp1\BlankApp1.iOS\BlankApp1.iOS.csproj", "{5F005550-643F-4CE8-B6B3-0DDBB602376E}"
EndProject
Global
	GlobalSection(SolutionConfigurationPlatforms) = preSolution
		Ad-Hoc|Any CPU = Ad-Hoc|Any CPU
		Ad-Hoc|iPhone = Ad-Hoc|iPhone
		Ad-Hoc|iPhoneSimulator = Ad-Hoc|iPhoneSimulator
		AppStore|Any CPU = AppStore|Any CPU
		AppStore|iPhone = AppStore|iPhone
		AppStore|iPhoneSimulator = AppStore|iPhoneSimulator
		Debug|Any CPU = Debug|Any CPU
		Debug|iPhone = Debug|iPhone
		Debug|iPhoneSimulator = Debug|iPhoneSimulator
		Release|Any CPU = Release|Any CPU
		Release|iPhone = Release|iPhone
		Release|iPhoneSimulator = Release|iPhoneSimulator
	EndGlobalSection
	GlobalSection(ProjectConfigurationPlatforms) = postSolution
		{F98D8231-7F7A-43E2-A7D1-0901E3A5826F}.Ad-Hoc|Any CPU.ActiveCfg = Debug|Any CPU
		{F98D8231-7F7A-43E2-A7D1-0901E3A5826F}.Ad-Hoc|Any CPU.Build.0 = Debug|Any CPU
		{F98D8231-7F7A-43E2-A7D1-0901E3A5826F}.Ad-Hoc|iPhone.ActiveCfg = Debug|Any CPU
		{F98D8231-7F7A-43E2-A7D1-0901E3A5826F}.Ad-Hoc|iPhone.Build.0 = Debug|Any CPU
		{F98D8231-7F7A-43E2-A7D1-0901E3A5826F}.Ad-Hoc|iPhoneSimulator.ActiveCfg = Debug|Any CPU
		{F98D8231-7F7A-43E2-A7D1-0901E3A5826F}.Ad-Hoc|iPhoneSimulator.Build.0 = Debug|Any CPU
		{F98D8231-7F7A-43E2-A7D1-0901E3A5826F}.AppStore|Any CPU.ActiveCfg = Debug|Any CPU
		{F98D8231-7F7A-43E2-A7D1-0901E3A5826F}.AppStore|Any CPU.Build.0 = Debug|Any CPU
		{F98D8231-7F7A-43E2-A7D1-0901E3A5826F}.AppStore|iPhone.ActiveCfg = Debug|Any CPU
		{F98D8231-7F7A-43E2-A7D1-0901E3A5826F}.AppStore|iPhone.Build.0 = Debug|Any CPU
		{F98D8231-7F7A-43E2-A7D1-0901E3A5826F}.AppStore|iPhoneSimulator.ActiveCfg = Debug|Any CPU
		{F98D8231-7F7A-43E2-A7D1-0901E3A5826F}.AppStore|iPhoneSimulator.Build.0 = Debug|Any CPU
		{F98D8231-7F7A-43E2-A7D1-0901E3A5826F}.Debug|Any CPU.ActiveCfg = Debug|Any CPU
		{F98D8231-7F7A-43E2-A7D1-0901E3A5826F}.Debug|Any CPU.Build.0 = Debug|Any CPU
		{F98D8231-7F7A-43E2-A7D1-0901E3A5826F}.Debug|iPhone.ActiveCfg = Debug|Any CPU
		{F98D8231-7F7A-43E2-A7D1-0901E3A5826F}.Debug|iPhone.Build.0 = Debug|Any CPU
		{F98D8231-7F7A-43E2-A7D1-0901E3A5826F}.Debug|iPhoneSimulator.ActiveCfg = Debug|Any CPU
		{F98D8231-7F7A-43E2-A7D1-0901E3A5826F}.Debug|iPhoneSimulator.Build.0 = Debug|Any CPU
		{F98D8231-7F7A-43E2-A7D1-0901E3A5826F}.Release|Any CPU.ActiveCfg = Release|Any CPU
		{F98D8231-7F7A-43E2-A7D1-0901E3A5826F}.Release|Any CPU.Build.0 = Release|Any CPU
		{F98D8231-7F7A-43E2-A7D1-0901E3A5826F}.Release|iPhone.ActiveCfg = Release|Any CPU
		{F98D8231-7F7A-43E2-A7D1-0901E3A5826F}.Release|iPhone.Build.0 = Release|Any CPU
		{F98D8231-7F7A-43E2-A7D1-0901E3A5826F}.Release|iPhoneSimulator.ActiveCfg = Release|Any CPU
		{F98D8231-7F7A-43E2-A7D1-0901E3A5826F}.Release|iPhoneSimulator.Build.0 = Release|Any CPU
		{A4D139A1-01D8-4828-AA6C-A5E1D7DA712C}.Ad-Hoc|Any CPU.ActiveCfg = Debug|Any CPU
		{A4D139A1-01D8-4828-AA6C-A5E1D7DA712C}.Ad-Hoc|Any CPU.Build.0 = Debug|Any CPU
		{A4D139A1-01D8-4828-AA6C-A5E1D7DA712C}.Ad-Hoc|Any CPU.Deploy.0 = Debug|Any CPU
		{A4D139A1-01D8-4828-AA6C-A5E1D7DA712C}.Ad-Hoc|iPhone.ActiveCfg = Debug|Any CPU
		{A4D139A1-01D8-4828-AA6C-A5E1D7DA712C}.Ad-Hoc|iPhone.Build.0 = Debug|Any CPU
		{A4D139A1-01D8-4828-AA6C-A5E1D7DA712C}.Ad-Hoc|iPhone.Deploy.0 = Debug|Any CPU
		{A4D139A1-01D8-4828-AA6C-A5E1D7DA712C}.Ad-Hoc|iPhoneSimulator.ActiveCfg = Debug|Any CPU
		{A4D139A1-01D8-4828-AA6C-A5E1D7DA712C}.Ad-Hoc|iPhoneSimulator.Build.0 = Debug|Any CPU
		{A4D139A1-01D8-4828-AA6C-A5E1D7DA712C}.Ad-Hoc|iPhoneSimulator.Deploy.0 = Debug|Any CPU
		{A4D139A1-01D8-4828-AA6C-A5E1D7DA712C}.AppStore|Any CPU.ActiveCfg = Debug|Any CPU
		{A4D139A1-01D8-4828-AA6C-A5E1D7DA712C}.AppStore|Any CPU.Build.0 = Debug|Any CPU
		{A4D139A1-01D8-4828-AA6C-A5E1D7DA712C}.AppStore|Any CPU.Deploy.0 = Debug|Any CPU
		{A4D139A1-01D8-4828-AA6C-A5E1D7DA712C}.AppStore|iPhone.ActiveCfg = Debug|Any CPU
		{A4D139A1-01D8-4828-AA6C-A5E1D7DA712C}.AppStore|iPhone.Build.0 = Debug|Any CPU
		{A4D139A1-01D8-4828-AA6C-A5E1D7DA712C}.AppStore|iPhone.Deploy.0 = Debug|Any CPU
		{A4D139A1-01D8-4828-AA6C-A5E1D7DA712C}.AppStore|iPhoneSimulator.ActiveCfg = Debug|Any CPU
		{A4D139A1-01D8-4828-AA6C-A5E1D7DA712C}.AppStore|iPhoneSimulator.Build.0 = Debug|Any CPU
		{A4D139A1-01D8-4828-AA6C-A5E1D7DA712C}.AppStore|iPhoneSimulator.Deploy.0 = Debug|Any CPU
		{A4D139A1-01D8-4828-AA6C-A5E1D7DA712C}.Debug|Any CPU.ActiveCfg = Debug|Any CPU
		{A4D139A1-01D8-4828-AA6C-A5E1D7DA712C}.Debug|Any CPU.Build.0 = Debug|Any CPU
		{A4D139A1-01D8-4828-AA6C-A5E1D7DA712C}.Debug|Any CPU.Deploy.0 = Debug|Any CPU
		{A4D139A1-01D8-4828-AA6C-A5E1D7DA712C}.Debug|iPhone.ActiveCfg = Debug|Any CPU
		{A4D139A1-01D8-4828-AA6C-A5E1D7DA712C}.Debug|iPhone.Build.0 = Debug|Any CPU
		{A4D139A1-01D8-4828-AA6C-A5E1D7DA712C}.Debug|iPhone.Deploy.0 = Debug|Any CPU
		{A4D139A1-01D8-4828-AA6C-A5E1D7DA712C}.Debug|iPhoneSimulator.ActiveCfg = Debug|Any CPU
		{A4D139A1-01D8-4828-AA6C-A5E1D7DA712C}.Debug|iPhoneSimulator.Build.0 = Debug|Any CPU
		{A4D139A1-01D8-4828-AA6C-A5E1D7DA712C}.Debug|iPhoneSimulator.Deploy.0 = Debug|Any CPU
		{A4D139A1-01D8-4828-AA6C-A5E1D7DA712C}.Release|Any CPU.ActiveCfg = Release|Any CPU
		{A4D139A1-01D8-4828-AA6C-A5E1D7DA712C}.Release|Any CPU.Build.0 = Release|Any CPU
		{A4D139A1-01D8-4828-AA6C-A5E1D7DA712C}.Release|Any CPU.Deploy.0 = Release|Any CPU
		{A4D139A1-01D8-4828-AA6C-A5E1D7DA712C}.Release|iPhone.ActiveCfg = Release|Any CPU
		{A4D139A1-01D8-4828-AA6C-A5E1D7DA712C}.Release|iPhone.Build.0 = Release|Any CPU
		{A4D139A1-01D8-4828-AA6C-A5E1D7DA712C}.Release|iPhone.Deploy.0 = Release|Any CPU
		{A4D139A1-01D8-4828-AA6C-A5E1D7DA712C}.Release|iPhoneSimulator.ActiveCfg = Release|Any CPU
		{A4D139A1-01D8-4828-AA6C-A5E1D7DA712C}.Release|iPhoneSimulator.Build.0 = Release|Any CPU
		{A4D139A1-01D8-4828-AA6C-A5E1D7DA712C}.Release|iPhoneSimulator.Deploy.0 = Release|Any CPU
		{5F005550-643F-4CE8-B6B3-0DDBB602376E}.Ad-Hoc|Any CPU.ActiveCfg = Ad-Hoc|iPhoneSimulator
		{5F005550-643F-4CE8-B6B3-0DDBB602376E}.Ad-Hoc|iPhone.ActiveCfg = Ad-Hoc|iPhone
		{5F005550-643F-4CE8-B6B3-0DDBB602376E}.Ad-Hoc|iPhone.Build.0 = Ad-Hoc|iPhone
		{5F005550-643F-4CE8-B6B3-0DDBB602376E}.Ad-Hoc|iPhoneSimulator.ActiveCfg = Ad-Hoc|iPhoneSimulator
		{5F005550-643F-4CE8-B6B3-0DDBB602376E}.Ad-Hoc|iPhoneSimulator.Build.0 = Ad-Hoc|iPhoneSimulator
		{5F005550-643F-4CE8-B6B3-0DDBB602376E}.AppStore|Any CPU.ActiveCfg = AppStore|iPhoneSimulator
		{5F005550-643F-4CE8-B6B3-0DDBB602376E}.AppStore|iPhone.ActiveCfg = AppStore|iPhone
		{5F005550-643F-4CE8-B6B3-0DDBB602376E}.AppStore|iPhone.Build.0 = AppStore|iPhone
		{5F005550-643F-4CE8-B6B3-0DDBB602376E}.AppStore|iPhoneSimulator.ActiveCfg = AppStore|iPhoneSimulator
		{5F005550-643F-4CE8-B6B3-0DDBB602376E}.AppStore|iPhoneSimulator.Build.0 = AppStore|iPhoneSimulator
		{5F005550-643F-4CE8-B6B3-0DDBB602376E}.Debug|Any CPU.ActiveCfg = Debug|iPhoneSimulator
		{5F005550-643F-4CE8-B6B3-0DDBB602376E}.Debug|iPhone.ActiveCfg = Debug|iPhone
		{5F005550-643F-4CE8-B6B3-0DDBB602376E}.Debug|iPhone.Build.0 = Debug|iPhone
		{5F005550-643F-4CE8-B6B3-0DDBB602376E}.Debug|iPhoneSimulator.ActiveCfg = Debug|iPhoneSimulator
		{5F005550-643F-4CE8-B6B3-0DDBB602376E}.Debug|iPhoneSimulator.Build.0 = Debug|iPhoneSimulator
		{5F005550-643F-4CE8-B6B3-0DDBB602376E}.Release|Any CPU.ActiveCfg = Release|iPhoneSimulator
		{5F005550-643F-4CE8-B6B3-0DDBB602376E}.Release|iPhone.ActiveCfg = Release|iPhone
		{5F005550-643F-4CE8-B6B3-0DDBB602376E}.Release|iPhone.Build.0 = Release|iPhone
		{5F005550-643F-4CE8-B6B3-0DDBB602376E}.Release|iPhoneSimulator.ActiveCfg = Release|iPhoneSimulator
		{5F005550-643F-4CE8-B6B3-0DDBB602376E}.Release|iPhoneSimulator.Build.0 = Release|iPhoneSimulator
	EndGlobalSection
	GlobalSection(SolutionProperties) = preSolution
		HideSolutionNode = FALSE
	EndGlobalSection
	GlobalSection(ExtensibilityGlobals) = postSolution
		SolutionGuid = {4C5B9ED9-F75C-4252-B4E2-E8FAF0A7CC81}
	EndGlobalSection
EndGlobal
